// !$*UTF8*$!
{
	archiveVersion = 1;
	classes = {
	};
	objectVersion = 77;
	objects = {

/* Begin PBXContainerItemProxy section */
		F9ED6BAE2D321D3300240F13 /* PBXContainerItemProxy */ = {
			isa = PBXContainerItemProxy;
			containerPortal = F91350572D233A43003C85BE /* Project object */;
			proxyType = 1;
			remoteGlobalIDString = F913505E2D233A43003C85BE;
			remoteInfo = Blankie;
		};
		F9ED70E42D3229AD00240F13 /* PBXContainerItemProxy */ = {
			isa = PBXContainerItemProxy;
			containerPortal = F91350572D233A43003C85BE /* Project object */;
			proxyType = 1;
			remoteGlobalIDString = F913505E2D233A43003C85BE;
			remoteInfo = Blankie;
		};
/* End PBXContainerItemProxy section */

/* Begin PBXCopyFilesBuildPhase section */
		F9ED6F802D32292D00240F13 /* Embed Frameworks */ = {
			isa = PBXCopyFilesBuildPhase;
			buildActionMask = 2147483647;
			dstPath = "";
			dstSubfolderSpec = 10;
			files = (
			);
			name = "Embed Frameworks";
			runOnlyForDeploymentPostprocessing = 0;
		};
/* End PBXCopyFilesBuildPhase section */

/* Begin PBXFileReference section */
		F913505F2D233A43003C85BE /* Blankie.app */ = {isa = PBXFileReference; explicitFileType = wrapper.application; includeInIndex = 0; path = Blankie.app; sourceTree = BUILT_PRODUCTS_DIR; };
		F921ED992D272AE300D4F3D3 /* Configuration.xcconfig */ = {isa = PBXFileReference; lastKnownFileType = text.xcconfig; path = Configuration.xcconfig; sourceTree = "<group>"; };
		F93A3B112D26E93600EFC1C9 /* Blankie.entitlements */ = {isa = PBXFileReference; lastKnownFileType = text.plist.entitlements; path = Blankie.entitlements; sourceTree = "<group>"; };
		F93A3B122D26E93600EFC1C9 /* Blankie.xcodeproj */ = {isa = PBXFileReference; lastKnownFileType = "wrapper.pb-project"; path = Blankie.xcodeproj; sourceTree = "<group>"; };
		F9ED65FE2D321AF800240F13 /* XCTest.framework */ = {isa = PBXFileReference; lastKnownFileType = wrapper.framework; name = XCTest.framework; path = Platforms/MacOSX.platform/Developer/Library/Frameworks/XCTest.framework; sourceTree = DEVELOPER_DIR; };
		F9ED66022D321B7D00240F13 /* Blankie.xctestplan */ = {isa = PBXFileReference; lastKnownFileType = text; path = Blankie.xctestplan; sourceTree = "<group>"; };
		F9ED6BAA2D321D3300240F13 /* BlankieTests.xctest */ = {isa = PBXFileReference; explicitFileType = wrapper.cfbundle; includeInIndex = 0; path = BlankieTests.xctest; sourceTree = BUILT_PRODUCTS_DIR; };
		F9ED70DE2D3229AD00240F13 /* BlankieUITests.xctest */ = {isa = PBXFileReference; explicitFileType = wrapper.cfbundle; includeInIndex = 0; path = BlankieUITests.xctest; sourceTree = BUILT_PRODUCTS_DIR; };
/* End PBXFileReference section */

/* Begin PBXFileSystemSynchronizedRootGroup section */
		F9BC93262D41457D00E450FC /* Blankie */ = {
			isa = PBXFileSystemSynchronizedRootGroup;
			path = Blankie;
			sourceTree = "<group>";
		};
		F9ED6DAB2D321F5D00240F13 /* BlankieTests */ = {
			isa = PBXFileSystemSynchronizedRootGroup;
			path = BlankieTests;
			sourceTree = "<group>";
		};
		F9ED70DF2D3229AD00240F13 /* BlankieUITests */ = {
			isa = PBXFileSystemSynchronizedRootGroup;
			path = BlankieUITests;
			sourceTree = "<group>";
		};
/* End PBXFileSystemSynchronizedRootGroup section */

/* Begin PBXFrameworksBuildPhase section */
		F913505C2D233A43003C85BE /* Frameworks */ = {
			isa = PBXFrameworksBuildPhase;
			buildActionMask = 2147483647;
			files = (
			);
			runOnlyForDeploymentPostprocessing = 0;
		};
		F9ED6BA72D321D3300240F13 /* Frameworks */ = {
			isa = PBXFrameworksBuildPhase;
			buildActionMask = 2147483647;
			files = (
			);
			runOnlyForDeploymentPostprocessing = 0;
		};
		F9ED70DB2D3229AD00240F13 /* Frameworks */ = {
			isa = PBXFrameworksBuildPhase;
			buildActionMask = 2147483647;
			files = (
			);
			runOnlyForDeploymentPostprocessing = 0;
		};
/* End PBXFrameworksBuildPhase section */

/* Begin PBXGroup section */
		F91350562D233A43003C85BE = {
			isa = PBXGroup;
			children = (
				F91350602D233A43003C85BE /* Products */,
				F9ED65FD2D321AF800240F13 /* Frameworks */,
				F9BC93262D41457D00E450FC /* Blankie */,
				F9ED6DAB2D321F5D00240F13 /* BlankieTests */,
				F9ED70DF2D3229AD00240F13 /* BlankieUITests */,
				F93A3B122D26E93600EFC1C9 /* Blankie.xcodeproj */,
				F9ED66022D321B7D00240F13 /* Blankie.xctestplan */,
				F93A3B112D26E93600EFC1C9 /* Blankie.entitlements */,
				F921ED992D272AE300D4F3D3 /* Configuration.xcconfig */,
			);
			sourceTree = "<group>";
		};
		F91350602D233A43003C85BE /* Products */ = {
			isa = PBXGroup;
			children = (
				F913505F2D233A43003C85BE /* Blankie.app */,
				F9ED6BAA2D321D3300240F13 /* BlankieTests.xctest */,
				F9ED70DE2D3229AD00240F13 /* BlankieUITests.xctest */,
			);
			name = Products;
			sourceTree = "<group>";
		};
		F93BA03D2D2835B50023EF6C /* Products */ = {
			isa = PBXGroup;
			name = Products;
			sourceTree = "<group>";
		};
		F9ED65FD2D321AF800240F13 /* Frameworks */ = {
			isa = PBXGroup;
			children = (
				F9ED65FE2D321AF800240F13 /* XCTest.framework */,
			);
			name = Frameworks;
			sourceTree = "<group>";
		};
/* End PBXGroup section */

/* Begin PBXNativeTarget section */
		F913505E2D233A43003C85BE /* Blankie */ = {
			isa = PBXNativeTarget;
			buildConfigurationList = F91350862D233A44003C85BE /* Build configuration list for PBXNativeTarget "Blankie" */;
			buildPhases = (
				F913505B2D233A43003C85BE /* Sources */,
				F913505C2D233A43003C85BE /* Frameworks */,
				F913505D2D233A43003C85BE /* Resources */,
				F921EDC02D27408E00D4F3D3 /* Run Script */,
			);
			buildRules = (
			);
			dependencies = (
			);
			fileSystemSynchronizedGroups = (
				F9BC93262D41457D00E450FC /* Blankie */,
			);
			name = Blankie;
			packageProductDependencies = (
			);
			productName = Blankie;
			productReference = F913505F2D233A43003C85BE /* Blankie.app */;
			productType = "com.apple.product-type.application";
		};
		F9ED6BA92D321D3300240F13 /* BlankieTests */ = {
			isa = PBXNativeTarget;
			buildConfigurationList = F9ED6BB02D321D3300240F13 /* Build configuration list for PBXNativeTarget "BlankieTests" */;
			buildPhases = (
				F9ED6BA62D321D3300240F13 /* Sources */,
				F9ED6BA72D321D3300240F13 /* Frameworks */,
				F9ED6BA82D321D3300240F13 /* Resources */,
				F9ED6F802D32292D00240F13 /* Embed Frameworks */,
			);
			buildRules = (
			);
			dependencies = (
				F9ED6BAF2D321D3300240F13 /* PBXTargetDependency */,
			);
			fileSystemSynchronizedGroups = (
				F9ED6DAB2D321F5D00240F13 /* BlankieTests */,
			);
			name = BlankieTests;
			packageProductDependencies = (
			);
			productName = BlankieTests;
			productReference = F9ED6BAA2D321D3300240F13 /* BlankieTests.xctest */;
			productType = "com.apple.product-type.bundle.unit-test";
		};
		F9ED70DD2D3229AD00240F13 /* BlankieUITests */ = {
			isa = PBXNativeTarget;
			buildConfigurationList = F9ED70E62D3229AD00240F13 /* Build configuration list for PBXNativeTarget "BlankieUITests" */;
			buildPhases = (
				F9ED70DA2D3229AD00240F13 /* Sources */,
				F9ED70DB2D3229AD00240F13 /* Frameworks */,
				F9ED70DC2D3229AD00240F13 /* Resources */,
			);
			buildRules = (
			);
			dependencies = (
				F9ED70E52D3229AD00240F13 /* PBXTargetDependency */,
			);
			fileSystemSynchronizedGroups = (
				F9ED70DF2D3229AD00240F13 /* BlankieUITests */,
			);
			name = BlankieUITests;
			packageProductDependencies = (
			);
			productName = BlankieUITests;
			productReference = F9ED70DE2D3229AD00240F13 /* BlankieUITests.xctest */;
			productType = "com.apple.product-type.bundle.ui-testing";
		};
/* End PBXNativeTarget section */

/* Begin PBXProject section */
		F91350572D233A43003C85BE /* Project object */ = {
			isa = PBXProject;
			attributes = {
				BuildIndependentTargetsInParallel = 1;
				LastSwiftUpdateCheck = 1620;
				LastUpgradeCheck = 1640;
				TargetAttributes = {
					F913505E2D233A43003C85BE = {
						CreatedOnToolsVersion = 16.2;
						LastSwiftMigration = 1620;
					};
					F9ED6BA92D321D3300240F13 = {
						CreatedOnToolsVersion = 16.2;
						TestTargetID = F913505E2D233A43003C85BE;
					};
					F9ED70DD2D3229AD00240F13 = {
						CreatedOnToolsVersion = 16.2;
						TestTargetID = F913505E2D233A43003C85BE;
					};
				};
			};
			buildConfigurationList = F913505A2D233A43003C85BE /* Build configuration list for PBXProject "Blankie" */;
			developmentRegion = en;
			hasScannedForEncodings = 0;
			knownRegions = (
				Base,
				de,
				en,
				"en-GB",
				es,
				fr,
				hu,
				it,
				ja,
				ko,
				"pt-PT",
				tr,
				"zh-Hans",
			);
			mainGroup = F91350562D233A43003C85BE;
			minimizedProjectReferenceProxies = 1;
			packageReferences = (
			);
			preferredProjectObjectVersion = 77;
			productRefGroup = F91350602D233A43003C85BE /* Products */;
			projectDirPath = "";
			projectReferences = (
				{
					ProductGroup = F93BA03D2D2835B50023EF6C /* Products */;
					ProjectRef = F93A3B122D26E93600EFC1C9 /* Blankie.xcodeproj */;
				},
			);
			projectRoot = "";
			targets = (
				F913505E2D233A43003C85BE /* Blankie */,
				F9ED6BA92D321D3300240F13 /* BlankieTests */,
				F9ED70DD2D3229AD00240F13 /* BlankieUITests */,
			);
		};
/* End PBXProject section */

/* Begin PBXResourcesBuildPhase section */
		F913505D2D233A43003C85BE /* Resources */ = {
			isa = PBXResourcesBuildPhase;
			buildActionMask = 2147483647;
			files = (
			);
			runOnlyForDeploymentPostprocessing = 0;
		};
		F9ED6BA82D321D3300240F13 /* Resources */ = {
			isa = PBXResourcesBuildPhase;
			buildActionMask = 2147483647;
			files = (
			);
			runOnlyForDeploymentPostprocessing = 0;
		};
		F9ED70DC2D3229AD00240F13 /* Resources */ = {
			isa = PBXResourcesBuildPhase;
			buildActionMask = 2147483647;
			files = (
			);
			runOnlyForDeploymentPostprocessing = 0;
		};
/* End PBXResourcesBuildPhase section */

/* Begin PBXShellScriptBuildPhase section */
		F921EDC02D27408E00D4F3D3 /* Run Script */ = {
			isa = PBXShellScriptBuildPhase;
			alwaysOutOfDate = 1;
			buildActionMask = 12;
			files = (
			);
			inputFileListPaths = (
			);
			inputPaths = (
			);
			name = "Run Script";
			outputFileListPaths = (
			);
			outputPaths = (
				"$(INFOPLIST_FILE)",
				"$(PROJECT_DIR)/Configuration.xcconfig",
			);
			runOnlyForDeploymentPostprocessing = 0;
			shellPath = /bin/sh;
			shellScript = "#!/bin/sh\nset -e\nset -x\n\n# Get paths\nCONFIG_PATH=\"${PROJECT_DIR}/Configuration.xcconfig\"\nTEMP_CONFIG=\"${DERIVED_FILE_DIR}/temp_config.xcconfig\"\n\n# Get current build number from xcconfig\nbuildNumber=$(grep \"CURRENT_PROJECT_VERSION\" \"${CONFIG_PATH}\" | awk -F \"=\" '{print $2}' | tr -d '[:space:]')\n\n# Increment the build number\nbuildNumber=$((buildNumber + 1))\necho \"New build number: $buildNumber\"\n\n# Update xcconfig using a temp file\nsed \"s/CURRENT_PROJECT_VERSION = [0-9]*/CURRENT_PROJECT_VERSION = $buildNumber/\" \"${CONFIG_PATH}\" > \"${TEMP_CONFIG}\"\ncp \"${TEMP_CONFIG}\" \"${CONFIG_PATH}\"\n";
		};
/* End PBXShellScriptBuildPhase section */

/* Begin PBXSourcesBuildPhase section */
		F913505B2D233A43003C85BE /* Sources */ = {
			isa = PBXSourcesBuildPhase;
			buildActionMask = 2147483647;
			files = (
			);
			runOnlyForDeploymentPostprocessing = 0;
		};
		F9ED6BA62D321D3300240F13 /* Sources */ = {
			isa = PBXSourcesBuildPhase;
			buildActionMask = 2147483647;
			files = (
			);
			runOnlyForDeploymentPostprocessing = 0;
		};
		F9ED70DA2D3229AD00240F13 /* Sources */ = {
			isa = PBXSourcesBuildPhase;
			buildActionMask = 2147483647;
			files = (
			);
			runOnlyForDeploymentPostprocessing = 0;
		};
/* End PBXSourcesBuildPhase section */

/* Begin PBXTargetDependency section */
		F9ED6BAF2D321D3300240F13 /* PBXTargetDependency */ = {
			isa = PBXTargetDependency;
			target = F913505E2D233A43003C85BE /* Blankie */;
			targetProxy = F9ED6BAE2D321D3300240F13 /* PBXContainerItemProxy */;
		};
		F9ED70E52D3229AD00240F13 /* PBXTargetDependency */ = {
			isa = PBXTargetDependency;
			target = F913505E2D233A43003C85BE /* Blankie */;
			targetProxy = F9ED70E42D3229AD00240F13 /* PBXContainerItemProxy */;
		};
/* End PBXTargetDependency section */

/* Begin XCBuildConfiguration section */
		F91350842D233A44003C85BE /* Debug */ = {
			isa = XCBuildConfiguration;
			buildSettings = {
				AGVTOOL_KEYCHAIN = "";
				ALWAYS_SEARCH_USER_PATHS = NO;
				ASSETCATALOG_COMPILER_GENERATE_SWIFT_ASSET_SYMBOL_EXTENSIONS = YES;
				CLANG_ANALYZER_LOCALIZABILITY_NONLOCALIZED = YES;
				CLANG_ANALYZER_NUMBER_OBJECT_CONVERSION = YES_AGGRESSIVE;
				CLANG_CXX_LANGUAGE_STANDARD = "gnu++20";
				CLANG_ENABLE_OBJC_ARC = YES;
				CLANG_ENABLE_OBJC_WEAK = YES;
				CLANG_WARN_BLOCK_CAPTURE_AUTORELEASING = YES;
				CLANG_WARN_BOOL_CONVERSION = YES;
				CLANG_WARN_COMMA = YES;
				CLANG_WARN_CONSTANT_CONVERSION = YES;
				CLANG_WARN_DEPRECATED_OBJC_IMPLEMENTATIONS = YES;
				CLANG_WARN_DIRECT_OBJC_ISA_USAGE = YES;
				CLANG_WARN_DOCUMENTATION_COMMENTS = YES;
				CLANG_WARN_EMPTY_BODY = YES;
				CLANG_WARN_ENUM_CONVERSION = YES;
				CLANG_WARN_INFINITE_RECURSION = YES;
				CLANG_WARN_INT_CONVERSION = YES;
				CLANG_WARN_NON_LITERAL_NULL_CONVERSION = YES;
				CLANG_WARN_OBJC_IMPLICIT_RETAIN_SELF = YES;
				CLANG_WARN_OBJC_LITERAL_CONVERSION = YES;
				CLANG_WARN_OBJC_ROOT_CLASS = YES_ERROR;
				CLANG_WARN_QUOTED_INCLUDE_IN_FRAMEWORK_HEADER = YES;
				CLANG_WARN_RANGE_LOOP_ANALYSIS = YES;
				CLANG_WARN_STRICT_PROTOTYPES = YES;
				CLANG_WARN_SUSPICIOUS_MOVE = YES;
				CLANG_WARN_UNGUARDED_AVAILABILITY = YES_AGGRESSIVE;
				CLANG_WARN_UNREACHABLE_CODE = YES;
				CLANG_WARN__DUPLICATE_METHOD_MATCH = YES;
				COPY_PHASE_STRIP = NO;
				CURRENT_PROJECT_VERSION = "$(CURRENT_PROJECT_VERSION)";
				DEAD_CODE_STRIPPING = YES;
				DEBUG_INFORMATION_FORMAT = dwarf;
				DEVELOPMENT_TEAM = "$(DEVELOPMENT_TEAM)";
				ENABLE_PREVIEWS = YES;
				ENABLE_STRICT_OBJC_MSGSEND = YES;
				ENABLE_TESTABILITY = YES;
				ENABLE_USER_SCRIPT_SANDBOXING = NO;
				GCC_C_LANGUAGE_STANDARD = gnu17;
				GCC_DYNAMIC_NO_PIC = NO;
				GCC_NO_COMMON_BLOCKS = YES;
				GCC_OPTIMIZATION_LEVEL = 0;
				GCC_PREPROCESSOR_DEFINITIONS = (
					"DEBUG=1",
					"$(inherited)",
				);
				GCC_WARN_64_TO_32_BIT_CONVERSION = YES;
				GCC_WARN_ABOUT_RETURN_TYPE = YES_ERROR;
				GCC_WARN_UNDECLARED_SELECTOR = YES;
				GCC_WARN_UNINITIALIZED_AUTOS = YES_AGGRESSIVE;
				GCC_WARN_UNUSED_FUNCTION = YES;
				GCC_WARN_UNUSED_VARIABLE = YES;
				LOCALIZATION_PREFERS_STRING_CATALOGS = YES;
				MTL_ENABLE_DEBUG_INFO = INCLUDE_SOURCE;
				MTL_FAST_MATH = YES;
				ONLY_ACTIVE_ARCH = YES;
				SWIFT_ACTIVE_COMPILATION_CONDITIONS = "DEBUG $(inherited)";
				SWIFT_EMIT_LOC_STRINGS = YES;
				SWIFT_OPTIMIZATION_LEVEL = "-Onone";
				SWIFT_VERSION = 5.0;
			};
			name = Debug;
		};
		F91350852D233A44003C85BE /* Release */ = {
			isa = XCBuildConfiguration;
			buildSettings = {
				AGVTOOL_KEYCHAIN = "";
				ALWAYS_SEARCH_USER_PATHS = NO;
				ASSETCATALOG_COMPILER_GENERATE_SWIFT_ASSET_SYMBOL_EXTENSIONS = YES;
				CLANG_ANALYZER_LOCALIZABILITY_NONLOCALIZED = YES;
				CLANG_ANALYZER_NUMBER_OBJECT_CONVERSION = YES_AGGRESSIVE;
				CLANG_CXX_LANGUAGE_STANDARD = "gnu++20";
				CLANG_ENABLE_OBJC_ARC = YES;
				CLANG_ENABLE_OBJC_WEAK = YES;
				CLANG_WARN_BLOCK_CAPTURE_AUTORELEASING = YES;
				CLANG_WARN_BOOL_CONVERSION = YES;
				CLANG_WARN_COMMA = YES;
				CLANG_WARN_CONSTANT_CONVERSION = YES;
				CLANG_WARN_DEPRECATED_OBJC_IMPLEMENTATIONS = YES;
				CLANG_WARN_DIRECT_OBJC_ISA_USAGE = YES;
				CLANG_WARN_DOCUMENTATION_COMMENTS = YES;
				CLANG_WARN_EMPTY_BODY = YES;
				CLANG_WARN_ENUM_CONVERSION = YES;
				CLANG_WARN_INFINITE_RECURSION = YES;
				CLANG_WARN_INT_CONVERSION = YES;
				CLANG_WARN_NON_LITERAL_NULL_CONVERSION = YES;
				CLANG_WARN_OBJC_IMPLICIT_RETAIN_SELF = YES;
				CLANG_WARN_OBJC_LITERAL_CONVERSION = YES;
				CLANG_WARN_OBJC_ROOT_CLASS = YES_ERROR;
				CLANG_WARN_QUOTED_INCLUDE_IN_FRAMEWORK_HEADER = YES;
				CLANG_WARN_RANGE_LOOP_ANALYSIS = YES;
				CLANG_WARN_STRICT_PROTOTYPES = YES;
				CLANG_WARN_SUSPICIOUS_MOVE = YES;
				CLANG_WARN_UNGUARDED_AVAILABILITY = YES_AGGRESSIVE;
				CLANG_WARN_UNREACHABLE_CODE = YES;
				CLANG_WARN__DUPLICATE_METHOD_MATCH = YES;
				COPY_PHASE_STRIP = NO;
				CURRENT_PROJECT_VERSION = "$(CURRENT_PROJECT_VERSION)";
				DEAD_CODE_STRIPPING = YES;
				DEBUG_INFORMATION_FORMAT = "dwarf-with-dsym";
				DEVELOPMENT_TEAM = "$(DEVELOPMENT_TEAM)";
				ENABLE_NS_ASSERTIONS = NO;
				ENABLE_PREVIEWS = YES;
				ENABLE_STRICT_OBJC_MSGSEND = YES;
				ENABLE_USER_SCRIPT_SANDBOXING = NO;
				GCC_C_LANGUAGE_STANDARD = gnu17;
				GCC_NO_COMMON_BLOCKS = YES;
				GCC_WARN_64_TO_32_BIT_CONVERSION = YES;
				GCC_WARN_ABOUT_RETURN_TYPE = YES_ERROR;
				GCC_WARN_UNDECLARED_SELECTOR = YES;
				GCC_WARN_UNINITIALIZED_AUTOS = YES_AGGRESSIVE;
				GCC_WARN_UNUSED_FUNCTION = YES;
				GCC_WARN_UNUSED_VARIABLE = YES;
				LOCALIZATION_PREFERS_STRING_CATALOGS = YES;
				MTL_ENABLE_DEBUG_INFO = NO;
				MTL_FAST_MATH = YES;
				SWIFT_COMPILATION_MODE = wholemodule;
				SWIFT_EMIT_LOC_STRINGS = YES;
				SWIFT_VERSION = 5.0;
			};
			name = Release;
		};
		F91350872D233A44003C85BE /* Debug */ = {
			isa = XCBuildConfiguration;
			baseConfigurationReference = F921ED992D272AE300D4F3D3 /* Configuration.xcconfig */;
			buildSettings = {
				AGVTOOL_KEYCHAIN = agvtool_keychain;
				AGVTOOL_VERSIONING = YES;
				ASSETCATALOG_COMPILER_APPICON_NAME = AppIcon;
				ASSETCATALOG_COMPILER_GLOBAL_ACCENT_COLOR_NAME = AccentColor;
				CODE_SIGN_ENTITLEMENTS = Blankie.entitlements;
				CODE_SIGN_IDENTITY = "$(CODE_SIGN_IDENTITY)";
				CODE_SIGN_STYLE = Automatic;
				CURRENT_PROJECT_VERSION = "$(CURRENT_PROJECT_VERSION)";
				DEAD_CODE_STRIPPING = YES;
				GENERATE_INFOPLIST_FILE = YES;
				INFOPLIST_FILE = "Blankie-Info.plist";
				INFOPLIST_KEY_CFBundleDisplayName = SereneScapes;
				INFOPLIST_KEY_ITSAppUsesNonExemptEncryption = NO;
				INFOPLIST_KEY_LSApplicationCategoryType = "public.app-category.lifestyle";
				INFOPLIST_KEY_NSHumanReadableCopyright = "© 2025 Cody Bromley and contributors";
				INFOPLIST_KEY_UIApplicationSceneManifest_Generation = YES;
				INFOPLIST_KEY_UIApplicationSupportsIndirectInputEvents = YES;
				INFOPLIST_KEY_UILaunchScreen_Generation = YES;
				INFOPLIST_KEY_UIStatusBarStyle = UIStatusBarStyleDefault;
				INFOPLIST_KEY_UISupportedInterfaceOrientations_iPad = "UIInterfaceOrientationPortrait UIInterfaceOrientationPortraitUpsideDown UIInterfaceOrientationLandscapeLeft UIInterfaceOrientationLandscapeRight";
				INFOPLIST_KEY_UISupportedInterfaceOrientations_iPhone = "UIInterfaceOrientationPortrait UIInterfaceOrientationLandscapeLeft UIInterfaceOrientationLandscapeRight";
				IPHONEOS_DEPLOYMENT_TARGET = 17.0;
				LD_RUNPATH_SEARCH_PATHS = "@executable_path/Frameworks";
				MARKETING_VERSION = 1.0.13;
				PRODUCT_BUNDLE_IDENTIFIER = "$(PRODUCT_BUNDLE_IDENTIFIER)";
				PRODUCT_NAME = "$(TARGET_NAME)";
				PROVISIONING_PROFILE_SPECIFIER = "";
				SDKROOT = iphoneos;
				SUPPORTED_PLATFORMS = "iphoneos iphonesimulator";
				SUPPORTS_MACCATALYST = NO;
				SWIFT_EMIT_LOC_STRINGS = YES;
				TARGETED_DEVICE_FAMILY = "1,2";
			};
			name = Debug;
		};
		F91350882D233A44003C85BE /* Release */ = {
			isa = XCBuildConfiguration;
			baseConfigurationReference = F921ED992D272AE300D4F3D3 /* Configuration.xcconfig */;
			buildSettings = {
				AGVTOOL_KEYCHAIN = agvtool_keychain;
				AGVTOOL_VERSIONING = YES;
				ASSETCATALOG_COMPILER_APPICON_NAME = AppIcon;
				ASSETCATALOG_COMPILER_GLOBAL_ACCENT_COLOR_NAME = AccentColor;
				CODE_SIGN_ENTITLEMENTS = Blankie.entitlements;
				CODE_SIGN_IDENTITY = "$(CODE_SIGN_IDENTITY)";
				CODE_SIGN_STYLE = Automatic;
				CURRENT_PROJECT_VERSION = "$(CURRENT_PROJECT_VERSION)";
				DEAD_CODE_STRIPPING = YES;
				GENERATE_INFOPLIST_FILE = YES;
				INFOPLIST_FILE = "Blankie-Info.plist";
				INFOPLIST_KEY_CFBundleDisplayName = SereneScapes;
				INFOPLIST_KEY_ITSAppUsesNonExemptEncryption = NO;
				INFOPLIST_KEY_LSApplicationCategoryType = "public.app-category.lifestyle";
				INFOPLIST_KEY_NSHumanReadableCopyright = "© 2025 Cody Bromley and contributors";
				INFOPLIST_KEY_UIApplicationSceneManifest_Generation = YES;
				INFOPLIST_KEY_UIApplicationSupportsIndirectInputEvents = YES;
				INFOPLIST_KEY_UILaunchScreen_Generation = YES;
				INFOPLIST_KEY_UIStatusBarStyle = UIStatusBarStyleDefault;
				INFOPLIST_KEY_UISupportedInterfaceOrientations_iPad = "UIInterfaceOrientationPortrait UIInterfaceOrientationPortraitUpsideDown UIInterfaceOrientationLandscapeLeft UIInterfaceOrientationLandscapeRight";
				INFOPLIST_KEY_UISupportedInterfaceOrientations_iPhone = "UIInterfaceOrientationPortrait UIInterfaceOrientationLandscapeLeft UIInterfaceOrientationLandscapeRight";
				IPHONEOS_DEPLOYMENT_TARGET = 17.0;
				LD_RUNPATH_SEARCH_PATHS = "@executable_path/Frameworks";
				MARKETING_VERSION = 1.0.13;
				PRODUCT_BUNDLE_IDENTIFIER = "$(PRODUCT_BUNDLE_IDENTIFIER)";
				PRODUCT_NAME = "$(TARGET_NAME)";
				PROVISIONING_PROFILE_SPECIFIER = "";
				SDKROOT = iphoneos;
				SUPPORTED_PLATFORMS = "iphoneos iphonesimulator";
				SUPPORTS_MACCATALYST = NO;
				SWIFT_EMIT_LOC_STRINGS = YES;
				TARGETED_DEVICE_FAMILY = "1,2";
				VALIDATE_PRODUCT = YES;
			};
			name = Release;
		};
		F9ED6BB12D321D3300240F13 /* Debug */ = {
			isa = XCBuildConfiguration;
			baseConfigurationReference = F921ED992D272AE300D4F3D3 /* Configuration.xcconfig */;
			buildSettings = {
				BUNDLE_LOADER = "$(TEST_HOST)";
				CLANG_ANALYZER_NONNULL = YES;
				CLANG_ENABLE_MODULES = YES;
				CLANG_WARN_DIRECT_OBJC_ISA_USAGE = YES_ERROR;
				CLANG_WARN_OBJC_IMPLICIT_RETAIN_SELF = YES;
				CLANG_WARN_RANGE_LOOP_ANALYSIS = YES;
				CLANG_WARN_SUSPICIOUS_MOVE = YES;
				CODE_SIGN_STYLE = Automatic;
				CURRENT_PROJECT_VERSION = 1;
				DEAD_CODE_STRIPPING = YES;
				ENABLE_USER_SCRIPT_SANDBOXING = YES;
				GENERATE_INFOPLIST_FILE = YES;
				IPHONEOS_DEPLOYMENT_TARGET = 17.0;
				MARKETING_VERSION = 1.0;
				PRODUCT_BUNDLE_IDENTIFIER = "$(PRODUCT_BUNDLE_IDENTIFIER).tests";
				PRODUCT_NAME = "$(TARGET_NAME)";
				SDKROOT = iphoneos;
				SUPPORTED_PLATFORMS = "iphoneos iphonesimulator";
				SWIFT_EMIT_LOC_STRINGS = NO;
				SWIFT_VERSION = 5.0;
				TARGETED_DEVICE_FAMILY = "1,2";
				TEST_HOST = "$(BUILT_PRODUCTS_DIR)/Blankie.app/Blankie";
			};
			name = Debug;
		};
		F9ED6BB22D321D3300240F13 /* Release */ = {
			isa = XCBuildConfiguration;
			baseConfigurationReference = F921ED992D272AE300D4F3D3 /* Configuration.xcconfig */;
			buildSettings = {
				BUNDLE_LOADER = "$(TEST_HOST)";
				CLANG_ANALYZER_NONNULL = YES;
				CLANG_ENABLE_MODULES = YES;
				CLANG_WARN_DIRECT_OBJC_ISA_USAGE = YES_ERROR;
				CLANG_WARN_OBJC_IMPLICIT_RETAIN_SELF = YES;
				CLANG_WARN_RANGE_LOOP_ANALYSIS = YES;
				CLANG_WARN_SUSPICIOUS_MOVE = YES;
				CODE_SIGN_STYLE = Automatic;
				CURRENT_PROJECT_VERSION = 1;
				DEAD_CODE_STRIPPING = YES;
				ENABLE_USER_SCRIPT_SANDBOXING = YES;
				GENERATE_INFOPLIST_FILE = YES;
				IPHONEOS_DEPLOYMENT_TARGET = 17.0;
				MARKETING_VERSION = 1.0;
				PRODUCT_BUNDLE_IDENTIFIER = "$(PRODUCT_BUNDLE_IDENTIFIER).tests";
				PRODUCT_NAME = "$(TARGET_NAME)";
				SDKROOT = iphoneos;
				SUPPORTED_PLATFORMS = "iphoneos iphonesimulator";
				SWIFT_EMIT_LOC_STRINGS = NO;
				SWIFT_VERSION = 5.0;
				TARGETED_DEVICE_FAMILY = "1,2";
				TEST_HOST = "$(BUILT_PRODUCTS_DIR)/Blankie.app/Blankie";
			};
			name = Release;
		};
		F9ED70E72D3229AD00240F13 /* Debug */ = {
			isa = XCBuildConfiguration;
			baseConfigurationReference = F921ED992D272AE300D4F3D3 /* Configuration.xcconfig */;
			buildSettings = {
				CLANG_ANALYZER_NONNULL = YES;
				CLANG_ENABLE_MODULES = YES;
				CLANG_WARN_DIRECT_OBJC_ISA_USAGE = YES_ERROR;
				CLANG_WARN_OBJC_IMPLICIT_RETAIN_SELF = YES;
				CLANG_WARN_RANGE_LOOP_ANALYSIS = YES;
				CLANG_WARN_SUSPICIOUS_MOVE = YES;
				CODE_SIGN_STYLE = Automatic;
				CURRENT_PROJECT_VERSION = 1;
				DEAD_CODE_STRIPPING = YES;
				ENABLE_USER_SCRIPT_SANDBOXING = YES;
				GENERATE_INFOPLIST_FILE = YES;
				IPHONEOS_DEPLOYMENT_TARGET = 17.0;
				MARKETING_VERSION = 1.0;
				PRODUCT_BUNDLE_IDENTIFIER = "$(PRODUCT_BUNDLE_IDENTIFIER).uitests";
				PRODUCT_NAME = "$(TARGET_NAME)";
				SDKROOT = iphoneos;
				SUPPORTED_PLATFORMS = "iphoneos iphonesimulator";
				SWIFT_EMIT_LOC_STRINGS = NO;
				SWIFT_VERSION = 5.0;
				TARGETED_DEVICE_FAMILY = "1,2";
				TEST_TARGET_NAME = Blankie;
			};
			name = Debug;
		};
		F9ED70E82D3229AD00240F13 /* Release */ = {
			isa = XCBuildConfiguration;
			baseConfigurationReference = F921ED992D272AE300D4F3D3 /* Configuration.xcconfig */;
			buildSettings = {
				CLANG_ANALYZER_NONNULL = YES;
				CLANG_ENABLE_MODULES = YES;
				CLANG_WARN_DIRECT_OBJC_ISA_USAGE = YES_ERROR;
				CLANG_WARN_OBJC_IMPLICIT_RETAIN_SELF = YES;
				CLANG_WARN_RANGE_LOOP_ANALYSIS = YES;
				CLANG_WARN_SUSPICIOUS_MOVE = YES;
				CODE_SIGN_STYLE = Automatic;
				CURRENT_PROJECT_VERSION = 1;
				DEAD_CODE_STRIPPING = YES;
				ENABLE_USER_SCRIPT_SANDBOXING = YES;
				GENERATE_INFOPLIST_FILE = YES;
				IPHONEOS_DEPLOYMENT_TARGET = 17.0;
				MARKETING_VERSION = 1.0;
				PRODUCT_BUNDLE_IDENTIFIER = "$(PRODUCT_BUNDLE_IDENTIFIER).uitests";
				PRODUCT_NAME = "$(TARGET_NAME)";
				SDKROOT = iphoneos;
				SUPPORTED_PLATFORMS = "iphoneos iphonesimulator";
				SWIFT_EMIT_LOC_STRINGS = NO;
				SWIFT_VERSION = 5.0;
				TARGETED_DEVICE_FAMILY = "1,2";
				TEST_TARGET_NAME = Blankie;
			};
			name = Release;
		};
/* End XCBuildConfiguration section */

/* Begin XCConfigurationList section */
		F913505A2D233A43003C85BE /* Build configuration list for PBXProject "Blankie" */ = {
			isa = XCConfigurationList;
			buildConfigurations = (
				F91350842D233A44003C85BE /* Debug */,
				F91350852D233A44003C85BE /* Release */,
			);
			defaultConfigurationIsVisible = 0;
			defaultConfigurationName = Release;
		};
		F91350862D233A44003C85BE /* Build configuration list for PBXNativeTarget "Blankie" */ = {
			isa = XCConfigurationList;
			buildConfigurations = (
				F91350872D233A44003C85BE /* Debug */,
				F91350882D233A44003C85BE /* Release */,
			);
			defaultConfigurationIsVisible = 0;
			defaultConfigurationName = Release;
		};
		F9ED6BB02D321D3300240F13 /* Build configuration list for PBXNativeTarget "BlankieTests" */ = {
			isa = XCConfigurationList;
			buildConfigurations = (
				F9ED6BB12D321D3300240F13 /* Debug */,
				F9ED6BB22D321D3300240F13 /* Release */,
			);
			defaultConfigurationIsVisible = 0;
			defaultConfigurationName = Release;
		};
		F9ED70E62D3229AD00240F13 /* Build configuration list for PBXNativeTarget "BlankieUITests" */ = {
			isa = XCConfigurationList;
			buildConfigurations = (
				F9ED70E72D3229AD00240F13 /* Debug */,
				F9ED70E82D3229AD00240F13 /* Release */,
			);
			defaultConfigurationIsVisible = 0;
			defaultConfigurationName = Release;
		};
/* End XCConfigurationList section */
	};
	rootObject = F91350572D233A43003C85BE /* Project object */;
}
